
Microsoft Visual Studio Solution File, Format Version 12.00
# Visual Studio Version 17
VisualStudioVersion = 17.0.31903.59
MinimumVisualStudioVersion = 10.0.40219.1
Project("{2150E333-8FDC-42A3-9474-1A3956D46DE8}") = "src", "src", "{DA020F03-9814-46DF-8467-7173B29CA376}"
EndProject
Project("{FAE04EC0-301F-11D3-BF4B-00C04F79EFBC}") = "monaural", "src\monaural\monaural.csproj", "{E3BBFC64-E50A-4D5E-B602-4C6DF9CDF672}"
EndProject
Global
	GlobalSection(SolutionConfigurationPlatforms) = preSolution
		Debug|Any CPU = Debug|Any CPU
		Release|Any CPU = Release|Any CPU
	EndGlobalSection
	GlobalSection(SolutionProperties) = preSolution
		HideSolutionNode = FALSE
	EndGlobalSection
	GlobalSection(ProjectConfigurationPlatforms) = postSolution
		{E3BBFC64-E50A-4D5E-B602-4C6DF9CDF672}.Debug|Any CPU.ActiveCfg = Debug|Any CPU
		{E3BBFC64-E50A-4D5E-B602-4C6DF9CDF672}.Debug|Any CPU.Build.0 = Debug|Any CPU
		{E3BBFC64-E50A-4D5E-B602-4C6DF9CDF672}.Release|Any CPU.ActiveCfg = Release|Any CPU
		{E3BBFC64-E50A-4D5E-B602-4C6DF9CDF672}.Release|Any CPU.Build.0 = Release|Any CPU
	EndGlobalSection
	GlobalSection(NestedProjects) = preSolution
		{E3BBFC64-E50A-4D5E-B602-4C6DF9CDF672} = {DA020F03-9814-46DF-8467-7173B29CA376}
	EndGlobalSection
EndGlobal